
Microsoft Visual Studio Solution File, Format Version 12.00
# Visual Studio Version 16
VisualStudioVersion = 16.0.31624.102
MinimumVisualStudioVersion = 10.0.40219.1
Project("{9A19103F-16F7-4668-BE54-9A1E7A4F7556}") = "Presentation", "src\CarSharing\Presentation.csproj", "{1BBEC1FD-5817-491E-B07D-A9D38438A70A}"
	ProjectSection(ProjectDependencies) = postProject
		{F50E865A-72FE-4B1D-8503-BD93A84BDF87} = {F50E865A-72FE-4B1D-8503-BD93A84BDF87}
		{A88D5179-C81F-46F6-8CCC-3F044C60191D} = {A88D5179-C81F-46F6-8CCC-3F044C60191D}
	EndProjectSection
EndProject
Project("{9A19103F-16F7-4668-BE54-9A1E7A4F7556}") = "Application", "src\Application\Application.csproj", "{F50E865A-72FE-4B1D-8503-BD93A84BDF87}"
	ProjectSection(ProjectDependencies) = postProject
		{FEA3F1E3-D00C-4E10-BAD4-CE6CC358891C} = {FEA3F1E3-D00C-4E10-BAD4-CE6CC358891C}
	EndProjectSection
EndProject
Project("{9A19103F-16F7-4668-BE54-9A1E7A4F7556}") = "Domain", "src\Domain\Domain.csproj", "{FEA3F1E3-D00C-4E10-BAD4-CE6CC358891C}"
	ProjectSection(ProjectDependencies) = postProject
		{A88D5179-C81F-46F6-8CCC-3F044C60191D} = {A88D5179-C81F-46F6-8CCC-3F044C60191D}
	EndProjectSection
EndProject
Project("{9A19103F-16F7-4668-BE54-9A1E7A4F7556}") = "Infrastructure", "src\Infrastructure\Infrastructure.csproj", "{A88D5179-C81F-46F6-8CCC-3F044C60191D}"
EndProject
Global
	GlobalSection(SolutionConfigurationPlatforms) = preSolution
		Debug|Any CPU = Debug|Any CPU
		Release|Any CPU = Release|Any CPU
	EndGlobalSection
	GlobalSection(ProjectConfigurationPlatforms) = postSolution
		{1BBEC1FD-5817-491E-B07D-A9D38438A70A}.Debug|Any CPU.ActiveCfg = Debug|Any CPU
		{1BBEC1FD-5817-491E-B07D-A9D38438A70A}.Debug|Any CPU.Build.0 = Debug|Any CPU
		{1BBEC1FD-5817-491E-B07D-A9D38438A70A}.Release|Any CPU.ActiveCfg = Release|Any CPU
		{1BBEC1FD-5817-491E-B07D-A9D38438A70A}.Release|Any CPU.Build.0 = Release|Any CPU
		{F50E865A-72FE-4B1D-8503-BD93A84BDF87}.Debug|Any CPU.ActiveCfg = Debug|Any CPU
		{F50E865A-72FE-4B1D-8503-BD93A84BDF87}.Debug|Any CPU.Build.0 = Debug|Any CPU
		{F50E865A-72FE-4B1D-8503-BD93A84BDF87}.Release|Any CPU.ActiveCfg = Release|Any CPU
		{F50E865A-72FE-4B1D-8503-BD93A84BDF87}.Release|Any CPU.Build.0 = Release|Any CPU
		{FEA3F1E3-D00C-4E10-BAD4-CE6CC358891C}.Debug|Any CPU.ActiveCfg = Debug|Any CPU
		{FEA3F1E3-D00C-4E10-BAD4-CE6CC358891C}.Debug|Any CPU.Build.0 = Debug|Any CPU
		{FEA3F1E3-D00C-4E10-BAD4-CE6CC358891C}.Release|Any CPU.ActiveCfg = Release|Any CPU
		{FEA3F1E3-D00C-4E10-BAD4-CE6CC358891C}.Release|Any CPU.Build.0 = Release|Any CPU
		{A88D5179-C81F-46F6-8CCC-3F044C60191D}.Debug|Any CPU.ActiveCfg = Debug|Any CPU
		{A88D5179-C81F-46F6-8CCC-3F044C60191D}.Debug|Any CPU.Build.0 = Debug|Any CPU
		{A88D5179-C81F-46F6-8CCC-3F044C60191D}.Release|Any CPU.ActiveCfg = Release|Any CPU
		{A88D5179-C81F-46F6-8CCC-3F044C60191D}.Release|Any CPU.Build.0 = Release|Any CPU
	EndGlobalSection
	GlobalSection(SolutionProperties) = preSolution
		HideSolutionNode = FALSE
	EndGlobalSection
	GlobalSection(ExtensibilityGlobals) = postSolution
		SolutionGuid = {1523CDF5-2C65-4260-88BF-1C25BA3E3542}
	EndGlobalSection
EndGlobal
